
Microsoft Visual Studio Solution File, Format Version 12.00
# Visual Studio Version 17
VisualStudioVersion = 17.10.35122.118
MinimumVisualStudioVersion = 10.0.40219.1
Project("{FAE04EC0-301F-11D3-BF4B-00C04F79EFBC}") = "UploadBigAssetsSample", "UploadBigAssetsSample.csproj", "{5F7AE14F-1404-4DBD-A2C9-AF6476D1E5BC}"
EndProject
Global
	GlobalSection(SolutionConfigurationPlatforms) = preSolution
		Debug|Any CPU = Debug|Any CPU
		Release|Any CPU = Release|Any CPU
	EndGlobalSection
	GlobalSection(ProjectConfigurationPlatforms) = postSolution
		{5F7AE14F-1404-4DBD-A2C9-AF6476D1E5BC}.Debug|Any CPU.ActiveCfg = Debug|Any CPU
		{5F7AE14F-1404-4DBD-A2C9-AF6476D1E5BC}.Debug|Any CPU.Build.0 = Debug|Any CPU
		{5F7AE14F-1404-4DBD-A2C9-AF6476D1E5BC}.Release|Any CPU.ActiveCfg = Release|Any CPU
		{5F7AE14F-1404-4DBD-A2C9-AF6476D1E5BC}.Release|Any CPU.Build.0 = Release|Any CPU
	EndGlobalSection
	GlobalSection(SolutionProperties) = preSolution
		HideSolutionNode = FALSE
	EndGlobalSection
	GlobalSection(ExtensibilityGlobals) = postSolution
		SolutionGuid = {D23BACC4-B0BE-4EC3-96AF-E089B8BD66F3}
	EndGlobalSection
EndGlobal
